
Microsoft Visual Studio Solution File, Format Version 12.00
# Visual Studio Version 16
VisualStudioVersion = 16.0.31019.35
MinimumVisualStudioVersion = 10.0.40219.1
Project("{FAE04EC0-301F-11D3-BF4B-00C04F79EFBC}") = "PracticeProblem11", "PracticeProblem11\PracticeProblem11.csproj", "{D58A086B-0491-4FD2-B220-E0417D1111F3}"
EndProject
Project("{FAE04EC0-301F-11D3-BF4B-00C04F79EFBC}") = "UnitTestProject11", "UnitTestProject11\UnitTestProject11.csproj", "{5A2749A9-8696-4EFB-B89A-5FA7336B9BA3}"
EndProject
Global
	GlobalSection(SolutionConfigurationPlatforms) = preSolution
		Debug|Any CPU = Debug|Any CPU
		Release|Any CPU = Release|Any CPU
	EndGlobalSection
	GlobalSection(ProjectConfigurationPlatforms) = postSolution
		{D58A086B-0491-4FD2-B220-E0417D1111F3}.Debug|Any CPU.ActiveCfg = Debug|Any CPU
		{D58A086B-0491-4FD2-B220-E0417D1111F3}.Debug|Any CPU.Build.0 = Debug|Any CPU
		{D58A086B-0491-4FD2-B220-E0417D1111F3}.Release|Any CPU.ActiveCfg = Release|Any CPU
		{D58A086B-0491-4FD2-B220-E0417D1111F3}.Release|Any CPU.Build.0 = Release|Any CPU
		{5A2749A9-8696-4EFB-B89A-5FA7336B9BA3}.Debug|Any CPU.ActiveCfg = Debug|Any CPU
		{5A2749A9-8696-4EFB-B89A-5FA7336B9BA3}.Debug|Any CPU.Build.0 = Debug|Any CPU
		{5A2749A9-8696-4EFB-B89A-5FA7336B9BA3}.Release|Any CPU.ActiveCfg = Release|Any CPU
		{5A2749A9-8696-4EFB-B89A-5FA7336B9BA3}.Release|Any CPU.Build.0 = Release|Any CPU
	EndGlobalSection
	GlobalSection(SolutionProperties) = preSolution
		HideSolutionNode = FALSE
	EndGlobalSection
	GlobalSection(ExtensibilityGlobals) = postSolution
		SolutionGuid = {70D9754B-2500-416E-A866-B4C3C79B7936}
	EndGlobalSection
EndGlobal
